// !$*UTF8*$!
{
	archiveVersion = 1;
	classes = {
	};
	objectVersion = 77;
	objects = {

/* Begin PBXBuildFile section */
		1B95FB202F183E390064E3A0 /* Kingfisher in Frameworks */ = {isa = PBXBuildFile; productRef = 1B95FB1F2F183E390064E3A0 /* Kingfisher */; };
		1B95FB222F1D3D9B0064E3A0 /* README.md in Resources */ = {isa = PBXBuildFile; fileRef = 1B95FB212F1D3D8E0064E3A0 /* README.md */; };
/* End PBXBuildFile section */

/* Begin PBXContainerItemProxy section */
		1B95FAE52F14498C0064E3A0 /* PBXContainerItemProxy */ = {
			isa = PBXContainerItemProxy;
			containerPortal = 1B95FAC62F14498A0064E3A0 /* Project object */;
			proxyType = 1;
			remoteGlobalIDString = 1B95FACD2F14498A0064E3A0;
			remoteInfo = LocalEvents;
		};
		1B95FAEF2F14498C0064E3A0 /* PBXContainerItemProxy */ = {
			isa = PBXContainerItemProxy;
			containerPortal = 1B95FAC62F14498A0064E3A0 /* Project object */;
			proxyType = 1;
			remoteGlobalIDString = 1B95FACD2F14498A0064E3A0;
			remoteInfo = LocalEvents;
		};
/* End PBXContainerItemProxy section */

/* Begin PBXFileReference section */
		1B95FACE2F14498A0064E3A0 /* LocalEvents.app */ = {isa = PBXFileReference; explicitFileType = wrapper.application; includeInIndex = 0; path = LocalEvents.app; sourceTree = BUILT_PRODUCTS_DIR; };
		1B95FAE42F14498C0064E3A0 /* LocalEventsTests.xctest */ = {isa = PBXFileReference; explicitFileType = wrapper.cfbundle; includeInIndex = 0; path = LocalEventsTests.xctest; sourceTree = BUILT_PRODUCTS_DIR; };
		1B95FAEE2F14498C0064E3A0 /* LocalEventsUITests.xctest */ = {isa = PBXFileReference; explicitFileType = wrapper.cfbundle; includeInIndex = 0; path = LocalEventsUITests.xctest; sourceTree = BUILT_PRODUCTS_DIR; };
		1B95FB212F1D3D8E0064E3A0 /* README.md */ = {isa = PBXFileReference; lastKnownFileType = net.daringfireball.markdown; path = README.md; sourceTree = "<group>"; };
/* End PBXFileReference section */

/* Begin PBXFileSystemSynchronizedBuildFileExceptionSet section */
		1B95FAF62F14498C0064E3A0 /* Exceptions for "LocalEvents" folder in "LocalEvents" target */ = {
			isa = PBXFileSystemSynchronizedBuildFileExceptionSet;
			membershipExceptions = (
				Info.plist,
			);
			target = 1B95FACD2F14498A0064E3A0 /* LocalEvents */;
		};
/* End PBXFileSystemSynchronizedBuildFileExceptionSet section */

/* Begin PBXFileSystemSynchronizedRootGroup section */
		1B95FAD02F14498A0064E3A0 /* LocalEvents */ = {
			isa = PBXFileSystemSynchronizedRootGroup;
			exceptions = (
				1B95FAF62F14498C0064E3A0 /* Exceptions for "LocalEvents" folder in "LocalEvents" target */,
			);
			path = LocalEvents;
			sourceTree = "<group>";
		};
		1B95FAE72F14498C0064E3A0 /* LocalEventsTests */ = {
			isa = PBXFileSystemSynchronizedRootGroup;
			path = LocalEventsTests;
			sourceTree = "<group>";
		};
		1B95FAF12F14498C0064E3A0 /* LocalEventsUITests */ = {
			isa = PBXFileSystemSynchronizedRootGroup;
			path = LocalEventsUITests;
			sourceTree = "<group>";
		};
/* End PBXFileSystemSynchronizedRootGroup section */

/* Begin PBXFrameworksBuildPhase section */
		1B95FACB2F14498A0064E3A0 /* Frameworks */ = {
			isa = PBXFrameworksBuildPhase;
			buildActionMask = 2147483647;
			files = (
				1B95FB202F183E390064E3A0 /* Kingfisher in Frameworks */,
			);
			runOnlyForDeploymentPostprocessing = 0;
		};
		1B95FAE12F14498C0064E3A0 /* Frameworks */ = {
			isa = PBXFrameworksBuildPhase;
			buildActionMask = 2147483647;
			files = (
			);
			runOnlyForDeploymentPostprocessing = 0;
		};
		1B95FAEB2F14498C0064E3A0 /* Frameworks */ = {
			isa = PBXFrameworksBuildPhase;
			buildActionMask = 2147483647;
			files = (
			);
			runOnlyForDeploymentPostprocessing = 0;
		};
/* End PBXFrameworksBuildPhase section */

/* Begin PBXGroup section */
		1B95FAC52F14498A0064E3A0 = {
			isa = PBXGroup;
			children = (
				1B95FB212F1D3D8E0064E3A0 /* README.md */,
				1B95FAD02F14498A0064E3A0 /* LocalEvents */,
				1B95FAE72F14498C0064E3A0 /* LocalEventsTests */,
				1B95FAF12F14498C0064E3A0 /* LocalEventsUITests */,
				1B95FB1E2F183E390064E3A0 /* Frameworks */,
				1B95FACF2F14498A0064E3A0 /* Products */,
			);
			sourceTree = "<group>";
		};
		1B95FACF2F14498A0064E3A0 /* Products */ = {
			isa = PBXGroup;
			children = (
				1B95FACE2F14498A0064E3A0 /* LocalEvents.app */,
				1B95FAE42F14498C0064E3A0 /* LocalEventsTests.xctest */,
				1B95FAEE2F14498C0064E3A0 /* LocalEventsUITests.xctest */,
			);
			name = Products;
			sourceTree = "<group>";
		};
		1B95FB1E2F183E390064E3A0 /* Frameworks */ = {
			isa = PBXGroup;
			children = (
			);
			name = Frameworks;
			sourceTree = "<group>";
		};
/* End PBXGroup section */

/* Begin PBXNativeTarget section */
		1B95FACD2F14498A0064E3A0 /* LocalEvents */ = {
			isa = PBXNativeTarget;
			buildConfigurationList = 1B95FAF72F14498C0064E3A0 /* Build configuration list for PBXNativeTarget "LocalEvents" */;
			buildPhases = (
				1B95FACA2F14498A0064E3A0 /* Sources */,
				1B95FACB2F14498A0064E3A0 /* Frameworks */,
				1B95FACC2F14498A0064E3A0 /* Resources */,
			);
			buildRules = (
			);
			dependencies = (
			);
			fileSystemSynchronizedGroups = (
				1B95FAD02F14498A0064E3A0 /* LocalEvents */,
			);
			name = LocalEvents;
			packageProductDependencies = (
				1B95FB1F2F183E390064E3A0 /* Kingfisher */,
			);
			productName = LocalEvents;
			productReference = 1B95FACE2F14498A0064E3A0 /* LocalEvents.app */;
			productType = "com.apple.product-type.application";
		};
		1B95FAE32F14498C0064E3A0 /* LocalEventsTests */ = {
			isa = PBXNativeTarget;
			buildConfigurationList = 1B95FAFC2F14498C0064E3A0 /* Build configuration list for PBXNativeTarget "LocalEventsTests" */;
			buildPhases = (
				1B95FAE02F14498C0064E3A0 /* Sources */,
				1B95FAE12F14498C0064E3A0 /* Frameworks */,
				1B95FAE22F14498C0064E3A0 /* Resources */,
			);
			buildRules = (
			);
			dependencies = (
				1B95FAE62F14498C0064E3A0 /* PBXTargetDependency */,
			);
			fileSystemSynchronizedGroups = (
				1B95FAE72F14498C0064E3A0 /* LocalEventsTests */,
			);
			name = LocalEventsTests;
			packageProductDependencies = (
			);
			productName = LocalEventsTests;
			productReference = 1B95FAE42F14498C0064E3A0 /* LocalEventsTests.xctest */;
			productType = "com.apple.product-type.bundle.unit-test";
		};
		1B95FAED2F14498C0064E3A0 /* LocalEventsUITests */ = {
			isa = PBXNativeTarget;
			buildConfigurationList = 1B95FAFF2F14498C0064E3A0 /* Build configuration list for PBXNativeTarget "LocalEventsUITests" */;
			buildPhases = (
				1B95FAEA2F14498C0064E3A0 /* Sources */,
				1B95FAEB2F14498C0064E3A0 /* Frameworks */,
				1B95FAEC2F14498C0064E3A0 /* Resources */,
			);
			buildRules = (
			);
			dependencies = (
				1B95FAF02F14498C0064E3A0 /* PBXTargetDependency */,
			);
			fileSystemSynchronizedGroups = (
				1B95FAF12F14498C0064E3A0 /* LocalEventsUITests */,
			);
			name = LocalEventsUITests;
			packageProductDependencies = (
			);
			productName = LocalEventsUITests;
			productReference = 1B95FAEE2F14498C0064E3A0 /* LocalEventsUITests.xctest */;
			productType = "com.apple.product-type.bundle.ui-testing";
		};
/* End PBXNativeTarget section */

/* Begin PBXProject section */
		1B95FAC62F14498A0064E3A0 /* Project object */ = {
			isa = PBXProject;
			attributes = {
				BuildIndependentTargetsInParallel = 1;
				LastSwiftUpdateCheck = 2620;
				LastUpgradeCheck = 2620;
				TargetAttributes = {
					1B95FACD2F14498A0064E3A0 = {
						CreatedOnToolsVersion = 26.2;
					};
					1B95FAE32F14498C0064E3A0 = {
						CreatedOnToolsVersion = 26.2;
						TestTargetID = 1B95FACD2F14498A0064E3A0;
					};
					1B95FAED2F14498C0064E3A0 = {
						CreatedOnToolsVersion = 26.2;
						TestTargetID = 1B95FACD2F14498A0064E3A0;
					};
				};
			};
			buildConfigurationList = 1B95FAC92F14498A0064E3A0 /* Build configuration list for PBXProject "LocalEvents" */;
			developmentRegion = en;
			hasScannedForEncodings = 0;
			knownRegions = (
				en,
				Base,
			);
			mainGroup = 1B95FAC52F14498A0064E3A0;
			minimizedProjectReferenceProxies = 1;
			packageReferences = (
				1B95FB1D2F1706CB0064E3A0 /* XCRemoteSwiftPackageReference "Kingfisher" */,
			);
			preferredProjectObjectVersion = 77;
			productRefGroup = 1B95FACF2F14498A0064E3A0 /* Products */;
			projectDirPath = "";
			projectRoot = "";
			targets = (
				1B95FACD2F14498A0064E3A0 /* LocalEvents */,
				1B95FAE32F14498C0064E3A0 /* LocalEventsTests */,
				1B95FAED2F14498C0064E3A0 /* LocalEventsUITests */,
			);
		};
/* End PBXProject section */

/* Begin PBXResourcesBuildPhase section */
		1B95FACC2F14498A0064E3A0 /* Resources */ = {
			isa = PBXResourcesBuildPhase;
			buildActionMask = 2147483647;
			files = (
				1B95FB222F1D3D9B0064E3A0 /* README.md in Resources */,
			);
			runOnlyForDeploymentPostprocessing = 0;
		};
		1B95FAE22F14498C0064E3A0 /* Resources */ = {
			isa = PBXResourcesBuildPhase;
			buildActionMask = 2147483647;
			files = (
			);
			runOnlyForDeploymentPostprocessing = 0;
		};
		1B95FAEC2F14498C0064E3A0 /* Resources */ = {
			isa = PBXResourcesBuildPhase;
			buildActionMask = 2147483647;
			files = (
			);
			runOnlyForDeploymentPostprocessing = 0;
		};
/* End PBXResourcesBuildPhase section */

/* Begin PBXSourcesBuildPhase section */
		1B95FACA2F14498A0064E3A0 /* Sources */ = {
			isa = PBXSourcesBuildPhase;
			buildActionMask = 2147483647;
			files = (
			);
			runOnlyForDeploymentPostprocessing = 0;
		};
		1B95FAE02F14498C0064E3A0 /* Sources */ = {
			isa = PBXSourcesBuildPhase;
			buildActionMask = 2147483647;
			files = (
			);
			runOnlyForDeploymentPostprocessing = 0;
		};
		1B95FAEA2F14498C0064E3A0 /* Sources */ = {
			isa = PBXSourcesBuildPhase;
			buildActionMask = 2147483647;
			files = (
			);
			runOnlyForDeploymentPostprocessing = 0;
		};
/* End PBXSourcesBuildPhase section */

/* Begin PBXTargetDependency section */
		1B95FAE62F14498C0064E3A0 /* PBXTargetDependency */ = {
			isa = PBXTargetDependency;
			target = 1B95FACD2F14498A0064E3A0 /* LocalEvents */;
			targetProxy = 1B95FAE52F14498C0064E3A0 /* PBXContainerItemProxy */;
		};
		1B95FAF02F14498C0064E3A0 /* PBXTargetDependency */ = {
			isa = PBXTargetDependency;
			target = 1B95FACD2F14498A0064E3A0 /* LocalEvents */;
			targetProxy = 1B95FAEF2F14498C0064E3A0 /* PBXContainerItemProxy */;
		};
/* End PBXTargetDependency section */

/* Begin XCBuildConfiguration section */
		1B95FAF82F14498C0064E3A0 /* Debug */ = {
			isa = XCBuildConfiguration;
			buildSettings = {
				ASSETCATALOG_COMPILER_APPICON_NAME = AppIcon;
				ASSETCATALOG_COMPILER_GLOBAL_ACCENT_COLOR_NAME = AccentColor;
				CODE_SIGN_STYLE = Automatic;
				CURRENT_PROJECT_VERSION = 1;
				GENERATE_INFOPLIST_FILE = YES;
				INFOPLIST_FILE = LocalEvents/Info.plist;
				INFOPLIST_KEY_UIApplicationSupportsIndirectInputEvents = YES;
				INFOPLIST_KEY_UILaunchStoryboardName = LaunchScreen;
				INFOPLIST_KEY_UIMainStoryboardFile = Main;
				INFOPLIST_KEY_UIStatusBarStyle = "";
				INFOPLIST_KEY_UISupportedInterfaceOrientations = "UIInterfaceOrientationLandscapeLeft UIInterfaceOrientationLandscapeRight UIInterfaceOrientationPortrait";
				INFOPLIST_KEY_UISupportedInterfaceOrientations_iPad = "UIInterfaceOrientationLandscapeLeft UIInterfaceOrientationLandscapeRight UIInterfaceOrientationPortrait UIInterfaceOrientationPortraitUpsideDown";
				LD_RUNPATH_SEARCH_PATHS = (
					"$(inherited)",
					"@executable_path/Frameworks",
				);
				MARKETING_VERSION = 1.0;
				PRODUCT_BUNDLE_IDENTIFIER = com.example.LocalEvents;
				PRODUCT_NAME = "$(TARGET_NAME)";
				STRING_CATALOG_GENERATE_SYMBOLS = YES;
				SWIFT_APPROACHABLE_CONCURRENCY = YES;
				SWIFT_DEFAULT_ACTOR_ISOLATION = MainActor;
				SWIFT_EMIT_LOC_STRINGS = YES;
				SWIFT_UPCOMING_FEATURE_MEMBER_IMPORT_VISIBILITY = YES;
				SWIFT_VERSION = 5.0;
				TARGETED_DEVICE_FAMILY = "1,2";
			};
			name = Debug;
		};
		1B95FAF92F14498C0064E3A0 /* Release */ = {
			isa = XCBuildConfiguration;
			buildSettings = {
				ASSETCATALOG_COMPILER_APPICON_NAME = AppIcon;
				ASSETCATALOG_COMPILER_GLOBAL_ACCENT_COLOR_NAME = AccentColor;
				CODE_SIGN_STYLE = Automatic;
				CURRENT_PROJECT_VERSION = 1;
				GENERATE_INFOPLIST_FILE = YES;
				INFOPLIST_FILE = LocalEvents/Info.plist;
				INFOPLIST_KEY_UIApplicationSupportsIndirectInputEvents = YES;
				INFOPLIST_KEY_UILaunchStoryboardName = LaunchScreen;
				INFOPLIST_KEY_UIMainStoryboardFile = Main;
				INFOPLIST_KEY_UIStatusBarStyle = "";
				INFOPLIST_KEY_UISupportedInterfaceOrientations = "UIInterfaceOrientationLandscapeLeft UIInterfaceOrientationLandscapeRight UIInterfaceOrientationPortrait";
				INFOPLIST_KEY_UISupportedInterfaceOrientations_iPad = "UIInterfaceOrientationLandscapeLeft UIInterfaceOrientationLandscapeRight UIInterfaceOrientationPortrait UIInterfaceOrientationPortraitUpsideDown";
				LD_RUNPATH_SEARCH_PATHS = (
					"$(inherited)",
					"@executable_path/Frameworks",
				);
				MARKETING_VERSION = 1.0;
				PRODUCT_BUNDLE_IDENTIFIER = com.example.LocalEvents;
				PRODUCT_NAME = "$(TARGET_NAME)";
				STRING_CATALOG_GENERATE_SYMBOLS = YES;
				SWIFT_APPROACHABLE_CONCURRENCY = YES;
				SWIFT_DEFAULT_ACTOR_ISOLATION = MainActor;
				SWIFT_EMIT_LOC_STRINGS = YES;
				SWIFT_UPCOMING_FEATURE_MEMBER_IMPORT_VISIBILITY = YES;
				SWIFT_VERSION = 5.0;
				TARGETED_DEVICE_FAMILY = "1,2";
			};
			name = Release;
		};
		1B95FAFA2F14498C0064E3A0 /* Debug */ = {
			isa = XCBuildConfiguration;
			buildSettings = {
				ALWAYS_SEARCH_USER_PATHS = NO;
				ASSETCATALOG_COMPILER_GENERATE_SWIFT_ASSET_SYMBOL_EXTENSIONS = YES;
				CLANG_ANALYZER_NONNULL = YES;
				CLANG_ANALYZER_NUMBER_OBJECT_CONVERSION = YES_AGGRESSIVE;
				CLANG_CXX_LANGUAGE_STANDARD = "gnu++20";
				CLANG_ENABLE_MODULES = YES;
				CLANG_ENABLE_OBJC_ARC = YES;
				CLANG_ENABLE_OBJC_WEAK = YES;
				CLANG_WARN_BLOCK_CAPTURE_AUTORELEASING = YES;
				CLANG_WARN_BOOL_CONVERSION = YES;
				CLANG_WARN_COMMA = YES;
				CLANG_WARN_CONSTANT_CONVERSION = YES;
				CLANG_WARN_DEPRECATED_OBJC_IMPLEMENTATIONS = YES;
				CLANG_WARN_DIRECT_OBJC_ISA_USAGE = YES_ERROR;
				CLANG_WARN_DOCUMENTATION_COMMENTS = YES;
				CLANG_WARN_EMPTY_BODY = YES;
				CLANG_WARN_ENUM_CONVERSION = YES;
				CLANG_WARN_INFINITE_RECURSION = YES;
				CLANG_WARN_INT_CONVERSION = YES;
				CLANG_WARN_NON_LITERAL_NULL_CONVERSION = YES;
				CLANG_WARN_OBJC_IMPLICIT_RETAIN_SELF = YES;
				CLANG_WARN_OBJC_LITERAL_CONVERSION = YES;
				CLANG_WARN_OBJC_ROOT_CLASS = YES_ERROR;
				CLANG_WARN_QUOTED_INCLUDE_IN_FRAMEWORK_HEADER = YES;
				CLANG_WARN_RANGE_LOOP_ANALYSIS = YES;
				CLANG_WARN_STRICT_PROTOTYPES = YES;
				CLANG_WARN_SUSPICIOUS_MOVE = YES;
				CLANG_WARN_UNGUARDED_AVAILABILITY = YES_AGGRESSIVE;
				CLANG_WARN_UNREACHABLE_CODE = YES;
				CLANG_WARN__DUPLICATE_METHOD_MATCH = YES;
				COPY_PHASE_STRIP = NO;
				DEBUG_INFORMATION_FORMAT = dwarf;
				ENABLE_STRICT_OBJC_MSGSEND = YES;
				ENABLE_TESTABILITY = YES;
				ENABLE_USER_SCRIPT_SANDBOXING = YES;
				GCC_C_LANGUAGE_STANDARD = gnu17;
				GCC_DYNAMIC_NO_PIC = NO;
				GCC_NO_COMMON_BLOCKS = YES;
				GCC_OPTIMIZATION_LEVEL = 0;
				GCC_PREPROCESSOR_DEFINITIONS = (
					"DEBUG=1",
					"$(inherited)",
				);
				GCC_WARN_64_TO_32_BIT_CONVERSION = YES;
				GCC_WARN_ABOUT_RETURN_TYPE = YES_ERROR;
				GCC_WARN_UNDECLARED_SELECTOR = YES;
				GCC_WARN_UNINITIALIZED_AUTOS = YES_AGGRESSIVE;
				GCC_WARN_UNUSED_FUNCTION = YES;
				GCC_WARN_UNUSED_VARIABLE = YES;
				IPHONEOS_DEPLOYMENT_TARGET = 26.2;
				LOCALIZATION_PREFERS_STRING_CATALOGS = YES;
				MTL_ENABLE_DEBUG_INFO = INCLUDE_SOURCE;
				MTL_FAST_MATH = YES;
				ONLY_ACTIVE_ARCH = YES;
				SDKROOT = iphoneos;
				SWIFT_ACTIVE_COMPILATION_CONDITIONS = "DEBUG $(inherited)";
				SWIFT_OPTIMIZATION_LEVEL = "-Onone";
			};
			name = Debug;
		};
		1B95FAFB2F14498C0064E3A0 /* Release */ = {
			isa = XCBuildConfiguration;
			buildSettings = {
				ALWAYS_SEARCH_USER_PATHS = NO;
				ASSETCATALOG_COMPILER_GENERATE_SWIFT_ASSET_SYMBOL_EXTENSIONS = YES;
				CLANG_ANALYZER_NONNULL = YES;
				CLANG_ANALYZER_NUMBER_OBJECT_CONVERSION = YES_AGGRESSIVE;
				CLANG_CXX_LANGUAGE_STANDARD = "gnu++20";
				CLANG_ENABLE_MODULES = YES;
				CLANG_ENABLE_OBJC_ARC = YES;
				CLANG_ENABLE_OBJC_WEAK = YES;
				CLANG_WARN_BLOCK_CAPTURE_AUTORELEASING = YES;
				CLANG_WARN_BOOL_CONVERSION = YES;
				CLANG_WARN_COMMA = YES;
				CLANG_WARN_CONSTANT_CONVERSION = YES;
				CLANG_WARN_DEPRECATED_OBJC_IMPLEMENTATIONS = YES;
				CLANG_WARN_DIRECT_OBJC_ISA_USAGE = YES_ERROR;
				CLANG_WARN_DOCUMENTATION_COMMENTS = YES;
				CLANG_WARN_EMPTY_BODY = YES;
				CLANG_WARN_ENUM_CONVERSION = YES;
				CLANG_WARN_INFINITE_RECURSION = YES;
				CLANG_WARN_INT_CONVERSION = YES;
				CLANG_WARN_NON_LITERAL_NULL_CONVERSION = YES;
				CLANG_WARN_OBJC_IMPLICIT_RETAIN_SELF = YES;
				CLANG_WARN_OBJC_LITERAL_CONVERSION = YES;
				CLANG_WARN_OBJC_ROOT_CLASS = YES_ERROR;
				CLANG_WARN_QUOTED_INCLUDE_IN_FRAMEWORK_HEADER = YES;
				CLANG_WARN_RANGE_LOOP_ANALYSIS = YES;
				CLANG_WARN_STRICT_PROTOTYPES = YES;
				CLANG_WARN_SUSPICIOUS_MOVE = YES;
				CLANG_WARN_UNGUARDED_AVAILABILITY = YES_AGGRESSIVE;
				CLANG_WARN_UNREACHABLE_CODE = YES;
				CLANG_WARN__DUPLICATE_METHOD_MATCH = YES;
				COPY_PHASE_STRIP = NO;
				DEBUG_INFORMATION_FORMAT = "dwarf-with-dsym";
				ENABLE_NS_ASSERTIONS = NO;
				ENABLE_STRICT_OBJC_MSGSEND = YES;
				ENABLE_USER_SCRIPT_SANDBOXING = YES;
				GCC_C_LANGUAGE_STANDARD = gnu17;
				GCC_NO_COMMON_BLOCKS = YES;
				GCC_WARN_64_TO_32_BIT_CONVERSION = YES;
				GCC_WARN_ABOUT_RETURN_TYPE = YES_ERROR;
				GCC_WARN_UNDECLARED_SELECTOR = YES;
				GCC_WARN_UNINITIALIZED_AUTOS = YES_AGGRESSIVE;
				GCC_WARN_UNUSED_FUNCTION = YES;
				GCC_WARN_UNUSED_VARIABLE = YES;
				IPHONEOS_DEPLOYMENT_TARGET = 26.2;
				LOCALIZATION_PREFERS_STRING_CATALOGS = YES;
				MTL_ENABLE_DEBUG_INFO = NO;
				MTL_FAST_MATH = YES;
				SDKROOT = iphoneos;
				SWIFT_COMPILATION_MODE = wholemodule;
				VALIDATE_PRODUCT = YES;
			};
			name = Release;
		};
		1B95FAFD2F14498C0064E3A0 /* Debug */ = {
			isa = XCBuildConfiguration;
			buildSettings = {
				BUNDLE_LOADER = "$(TEST_HOST)";
				CODE_SIGN_STYLE = Automatic;
				CURRENT_PROJECT_VERSION = 1;
				GENERATE_INFOPLIST_FILE = YES;
				IPHONEOS_DEPLOYMENT_TARGET = 26.2;
				MARKETING_VERSION = 1.0;
				PRODUCT_BUNDLE_IDENTIFIER = com.example.LocalEventsTests;
				PRODUCT_NAME = "$(TARGET_NAME)";
				STRING_CATALOG_GENERATE_SYMBOLS = NO;
				SWIFT_APPROACHABLE_CONCURRENCY = YES;
				SWIFT_EMIT_LOC_STRINGS = NO;
				SWIFT_UPCOMING_FEATURE_MEMBER_IMPORT_VISIBILITY = YES;
				SWIFT_VERSION = 5.0;
				TARGETED_DEVICE_FAMILY = "1,2";
				TEST_HOST = "$(BUILT_PRODUCTS_DIR)/LocalEvents.app/$(BUNDLE_EXECUTABLE_FOLDER_PATH)/LocalEvents";
			};
			name = Debug;
		};
		1B95FAFE2F14498C0064E3A0 /* Release */ = {
			isa = XCBuildConfiguration;
			buildSettings = {
				BUNDLE_LOADER = "$(TEST_HOST)";
				CODE_SIGN_STYLE = Automatic;
				CURRENT_PROJECT_VERSION = 1;
				GENERATE_INFOPLIST_FILE = YES;
				IPHONEOS_DEPLOYMENT_TARGET = 26.2;
				MARKETING_VERSION = 1.0;
				PRODUCT_BUNDLE_IDENTIFIER = com.example.LocalEventsTests;
				PRODUCT_NAME = "$(TARGET_NAME)";
				STRING_CATALOG_GENERATE_SYMBOLS = NO;
				SWIFT_APPROACHABLE_CONCURRENCY = YES;
				SWIFT_EMIT_LOC_STRINGS = NO;
				SWIFT_UPCOMING_FEATURE_MEMBER_IMPORT_VISIBILITY = YES;
				SWIFT_VERSION = 5.0;
				TARGETED_DEVICE_FAMILY = "1,2";
				TEST_HOST = "$(BUILT_PRODUCTS_DIR)/LocalEvents.app/$(BUNDLE_EXECUTABLE_FOLDER_PATH)/LocalEvents";
			};
			name = Release;
		};
		1B95FB002F14498C0064E3A0 /* Debug */ = {
			isa = XCBuildConfiguration;
			buildSettings = {
				CODE_SIGN_STYLE = Automatic;
				CURRENT_PROJECT_VERSION = 1;
				GENERATE_INFOPLIST_FILE = YES;
				MARKETING_VERSION = 1.0;
				PRODUCT_BUNDLE_IDENTIFIER = com.example.LocalEventsUITests;
				PRODUCT_NAME = "$(TARGET_NAME)";
				STRING_CATALOG_GENERATE_SYMBOLS = NO;
				SWIFT_APPROACHABLE_CONCURRENCY = YES;
				SWIFT_EMIT_LOC_STRINGS = NO;
				SWIFT_UPCOMING_FEATURE_MEMBER_IMPORT_VISIBILITY = YES;
				SWIFT_VERSION = 5.0;
				TARGETED_DEVICE_FAMILY = "1,2";
				TEST_TARGET_NAME = LocalEvents;
			};
			name = Debug;
		};
		1B95FB012F14498C0064E3A0 /* Release */ = {
			isa = XCBuildConfiguration;
			buildSettings = {
				CODE_SIGN_STYLE = Automatic;
				CURRENT_PROJECT_VERSION = 1;
				GENERATE_INFOPLIST_FILE = YES;
				MARKETING_VERSION = 1.0;
				PRODUCT_BUNDLE_IDENTIFIER = com.example.LocalEventsUITests;
				PRODUCT_NAME = "$(TARGET_NAME)";
				STRING_CATALOG_GENERATE_SYMBOLS = NO;
				SWIFT_APPROACHABLE_CONCURRENCY = YES;
				SWIFT_EMIT_LOC_STRINGS = NO;
				SWIFT_UPCOMING_FEATURE_MEMBER_IMPORT_VISIBILITY = YES;
				SWIFT_VERSION = 5.0;
				TARGETED_DEVICE_FAMILY = "1,2";
				TEST_TARGET_NAME = LocalEvents;
			};
			name = Release;
		};
/* End XCBuildConfiguration section */

/* Begin XCConfigurationList section */
		1B95FAC92F14498A0064E3A0 /* Build configuration list for PBXProject "LocalEvents" */ = {
			isa = XCConfigurationList;
			buildConfigurations = (
				1B95FAFA2F14498C0064E3A0 /* Debug */,
				1B95FAFB2F14498C0064E3A0 /* Release */,
			);
			defaultConfigurationIsVisible = 0;
			defaultConfigurationName = Release;
		};
		1B95FAF72F14498C0064E3A0 /* Build configuration list for PBXNativeTarget "LocalEvents" */ = {
			isa = XCConfigurationList;
			buildConfigurations = (
				1B95FAF82F14498C0064E3A0 /* Debug */,
				1B95FAF92F14498C0064E3A0 /* Release */,
			);
			defaultConfigurationIsVisible = 0;
			defaultConfigurationName = Release;
		};
		1B95FAFC2F14498C0064E3A0 /* Build configuration list for PBXNativeTarget "LocalEventsTests" */ = {
			isa = XCConfigurationList;
			buildConfigurations = (
				1B95FAFD2F14498C0064E3A0 /* Debug */,
				1B95FAFE2F14498C0064E3A0 /* Release */,
			);
			defaultConfigurationIsVisible = 0;
			defaultConfigurationName = Release;
		};
		1B95FAFF2F14498C0064E3A0 /* Build configuration list for PBXNativeTarget "LocalEventsUITests" */ = {
			isa = XCConfigurationList;
			buildConfigurations = (
				1B95FB002F14498C0064E3A0 /* Debug */,
				1B95FB012F14498C0064E3A0 /* Release */,
			);
			defaultConfigurationIsVisible = 0;
			defaultConfigurationName = Release;
		};
/* End XCConfigurationList section */

/* Begin XCRemoteSwiftPackageReference section */
		1B95FB1D2F1706CB0064E3A0 /* XCRemoteSwiftPackageReference "Kingfisher" */ = {
			isa = XCRemoteSwiftPackageReference;
			repositoryURL = "https://github.com/onevcat/Kingfisher.git";
			requirement = {
				kind = upToNextMajorVersion;
				minimumVersion = 8.6.2;
			};
		};
/* End XCRemoteSwiftPackageReference section */

/* Begin XCSwiftPackageProductDependency section */
		1B95FB1F2F183E390064E3A0 /* Kingfisher */ = {
			isa = XCSwiftPackageProductDependency;
			package = 1B95FB1D2F1706CB0064E3A0 /* XCRemoteSwiftPackageReference "Kingfisher" */;
			productName = Kingfisher;
		};
/* End XCSwiftPackageProductDependency section */
	};
	rootObject = 1B95FAC62F14498A0064E3A0 /* Project object */;
}
